
Microsoft Visual Studio Solution File, Format Version 12.00
Project("{FAE04EC0-301F-11D3-BF4B-00C04F79EFBC}") = "SiddhiCli", "SiddhiCli\SiddhiCli.csproj", "{4DADD781-67D1-40ED-BDDB-EA8B2997E8FF}"
EndProject
Global
	GlobalSection(SolutionConfigurationPlatforms) = preSolution
		Debug|Any CPU = Debug|Any CPU
		Release|Any CPU = Release|Any CPU
	EndGlobalSection
	GlobalSection(ProjectConfigurationPlatforms) = postSolution
		{4DADD781-67D1-40ED-BDDB-EA8B2997E8FF}.Debug|Any CPU.ActiveCfg = Debug|Any CPU
		{4DADD781-67D1-40ED-BDDB-EA8B2997E8FF}.Debug|Any CPU.Build.0 = Debug|Any CPU
		{4DADD781-67D1-40ED-BDDB-EA8B2997E8FF}.Release|Any CPU.ActiveCfg = Release|Any CPU
		{4DADD781-67D1-40ED-BDDB-EA8B2997E8FF}.Release|Any CPU.Build.0 = Release|Any CPU
	EndGlobalSection
EndGlobal
